{
  "version": 4,
  "terraform_version": "1.5.4",
  "serial": 142,
  "lineage": "509feecf-2a41-9030-2ac0-5dd270af6006",
  "outputs": {
    "bastion_host_public_ip": {
      "value": "54.211.204.221",
      "type": "string"
    },
    "dns_name": {
      "value": "todo-alb-1635562004.us-east-1.elb.amazonaws.com",
      "type": "string"
    }
  },
  "resources": [
    {
      "mode": "data",
      "type": "aws_iam_policy_document",
      "name": "assume_role",
      "provider": "provider[\"registry.terraform.io/hashicorp/aws\"]",
      "instances": [
        {
          "schema_version": 0,
          "attributes": {
            "id": "2851119427",
            "json": "{\n  \"Version\": \"2012-10-17\",\n  \"Statement\": [\n    {\n      \"Effect\": \"Allow\",\n      \"Action\": \"sts:AssumeRole\",\n      \"Principal\": {\n        \"Service\": \"ec2.amazonaws.com\"\n      }\n    }\n  ]\n}",
            "override_policy_documents": null,
            "policy_id": null,
            "source_policy_documents": null,
            "statement": [
              {
                "actions": [
                  "sts:AssumeRole"
                ],
                "condition": [],
                "effect": "Allow",
                "not_actions": [],
                "not_principals": [],
                "not_resources": [],
                "principals": [
                  {
                    "identifiers": [
                      "ec2.amazonaws.com"
                    ],
                    "type": "Service"
                  }
                ],
                "resources": [],
                "sid": ""
              }
            ],
            "version": "2012-10-17"
          },
          "sensitive_attributes": []
        }
      ]
    },
    {
      "mode": "data",
      "type": "template_file",
      "name": "user_data",
      "provider": "provider[\"registry.terraform.io/hashicorp/template\"]",
      "instances": [
        {
          "schema_version": 0,
          "attributes": {
            "filename": null,
            "id": "d82ebeaa85d5ea705ee8b17dc68a803414650a0cff8727df83de142527edb8c0",
            "rendered": "#cloud-config\n\nruncmd:\n  - echo \"task-bastion_host\" \u003e /etc/hostname",
            "template": "#cloud-config\n\nruncmd:\n  - echo \"task-bastion_host\" \u003e /etc/hostname",
            "vars": null
          },
          "sensitive_attributes": []
        }
      ]
    },
    {
      "mode": "managed",
      "type": "aws_autoscaling_attachment",
      "name": "asg_attachment",
      "provider": "provider[\"registry.terraform.io/hashicorp/aws\"]",
      "instances": [
        {
          "schema_version": 0,
          "attributes": {
            "autoscaling_group_name": "todo-asg",
            "elb": null,
            "id": "todo-asg-20230903132119551400000002",
            "lb_target_group_arn": "arn:aws:elasticloadbalancing:us-east-1:469760441078:targetgroup/todo-lb-tg/37170890cea05cde"
          },
          "sensitive_attributes": [],
          "private": "bnVsbA==",
          "dependencies": [
            "aws_autoscaling_group.asg",
            "aws_db_instance.mysql_instance",
            "aws_db_subnet_group.db_group",
            "aws_iam_instance_profile.server_profile",
            "aws_iam_role.server_role",
            "aws_key_pair.security_key",
            "aws_launch_template.todo-template",
            "aws_lb.alb",
            "aws_lb_target_group.tg",
            "aws_security_group.Allow_ALB",
            "aws_security_group.alb-sg",
            "aws_security_group.mysql_sg",
            "data.aws_iam_policy_document.assume_role",
            "module.vpc.aws_subnet.private",
            "module.vpc.aws_subnet.public",
            "module.vpc.aws_vpc.this",
            "module.vpc.aws_vpc_ipv4_cidr_block_association.this"
          ]
        }
      ]
    },
    {
      "mode": "managed",
      "type": "aws_autoscaling_group",
      "name": "asg",
      "provider": "provider[\"registry.terraform.io/hashicorp/aws\"]",
      "instances": [
        {
          "schema_version": 0,
          "attributes": {
            "arn": "arn:aws:autoscaling:us-east-1:469760441078:autoScalingGroup:58e57059-c5a2-474b-b3ca-268450513c68:autoScalingGroupName/todo-asg",
            "availability_zones": [
              "us-east-1a",
              "us-east-1b",
              "us-east-1c"
            ],
            "capacity_rebalance": false,
            "context": "",
            "default_cooldown": 300,
            "default_instance_warmup": 0,
            "desired_capacity": 1,
            "desired_capacity_type": "",
            "enabled_metrics": [],
            "force_delete": false,
            "force_delete_warm_pool": false,
            "health_check_grace_period": 480,
            "health_check_type": "ELB",
            "id": "todo-asg",
            "initial_lifecycle_hook": [],
            "instance_refresh": [
              {
                "preferences": [
                  {
                    "auto_rollback": false,
                    "checkpoint_delay": "",
                    "checkpoint_percentages": [],
                    "instance_warmup": "",
                    "min_healthy_percentage": 50,
                    "skip_matching": false
                  }
                ],
                "strategy": "Rolling",
                "triggers": []
              }
            ],
            "launch_configuration": "",
            "launch_template": [
              {
                "id": "lt-0aa5dc6b9b4a17ee1",
                "name": "todo-logic-tier-template",
                "version": "$Latest"
              }
            ],
            "load_balancers": [],
            "max_instance_lifetime": 0,
            "max_size": 3,
            "metrics_granularity": "1Minute",
            "min_elb_capacity": null,
            "min_size": 1,
            "mixed_instances_policy": [],
            "name": "todo-asg",
            "name_prefix": "",
            "placement_group": "",
            "predicted_capacity": 0,
            "protect_from_scale_in": false,
            "service_linked_role_arn": "arn:aws:iam::469760441078:role/aws-service-role/autoscaling.amazonaws.com/AWSServiceRoleForAutoScaling",
            "suspended_processes": [],
            "tag": [
              {
                "key": "Environment",
                "propagate_at_launch": true,
                "value": "prod"
              }
            ],
            "target_group_arns": [
              "arn:aws:elasticloadbalancing:us-east-1:469760441078:targetgroup/todo-lb-tg/37170890cea05cde"
            ],
            "termination_policies": [
              "ClosestToNextInstanceHour",
              "Default"
            ],
            "timeouts": null,
            "vpc_zone_identifier": [
              "subnet-05ec374f6b5d85b8e",
              "subnet-0b777a9f655be274b",
              "subnet-0c8249dfc2005d557"
            ],
            "wait_for_capacity_timeout": "10m",
            "wait_for_elb_capacity": null,
            "warm_pool": [],
            "warm_pool_size": 0
          },
          "sensitive_attributes": [],
          "private": "eyJlMmJmYjczMC1lY2FhLTExZTYtOGY4OC0zNDM2M2JjN2M0YzAiOnsiZGVsZXRlIjo2MDAwMDAwMDAwMDAsInVwZGF0ZSI6NjAwMDAwMDAwMDAwfX0=",
          "dependencies": [
            "aws_db_instance.mysql_instance",
            "aws_db_subnet_group.db_group",
            "aws_iam_instance_profile.server_profile",
            "aws_iam_role.server_role",
            "aws_key_pair.security_key",
            "aws_launch_template.todo-template",
            "aws_security_group.Allow_ALB",
            "aws_security_group.mysql_sg",
            "data.aws_iam_policy_document.assume_role",
            "module.vpc.aws_subnet.private",
            "module.vpc.aws_vpc.this",
            "module.vpc.aws_vpc_ipv4_cidr_block_association.this"
          ]
        }
      ]
    },
    {
      "mode": "managed",
      "type": "aws_autoscaling_policy",
      "name": "asg-policy",
      "provider": "provider[\"registry.terraform.io/hashicorp/aws\"]",
      "instances": [
        {
          "schema_version": 0,
          "attributes": {
            "adjustment_type": "",
            "arn": "arn:aws:autoscaling:us-east-1:469760441078:scalingPolicy:53a1e6ad-ce01-45f7-ab29-f7ab195abbbf:autoScalingGroupName/todo-asg:policyName/todo-asg-policy",
            "autoscaling_group_name": "todo-asg",
            "cooldown": 0,
            "enabled": true,
            "estimated_instance_warmup": 0,
            "id": "todo-asg-policy",
            "metric_aggregation_type": "",
            "min_adjustment_magnitude": 0,
            "name": "todo-asg-policy",
            "policy_type": "TargetTrackingScaling",
            "predictive_scaling_configuration": [],
            "scaling_adjustment": 0,
            "step_adjustment": [],
            "target_tracking_configuration": [
              {
                "customized_metric_specification": [],
                "disable_scale_in": false,
                "predefined_metric_specification": [
                  {
                    "predefined_metric_type": "ASGAverageCPUUtilization",
                    "resource_label": ""
                  }
                ],
                "target_value": 50
              }
            ]
          },
          "sensitive_attributes": [],
          "private": "bnVsbA==",
          "dependencies": [
            "aws_autoscaling_group.asg",
            "aws_db_instance.mysql_instance",
            "aws_db_subnet_group.db_group",
            "aws_iam_instance_profile.server_profile",
            "aws_iam_role.server_role",
            "aws_key_pair.security_key",
            "aws_launch_template.todo-template",
            "aws_security_group.Allow_ALB",
            "aws_security_group.mysql_sg",
            "data.aws_iam_policy_document.assume_role",
            "module.vpc.aws_subnet.private",
            "module.vpc.aws_vpc.this",
            "module.vpc.aws_vpc_ipv4_cidr_block_association.this"
          ]
        }
      ]
    },
    {
      "mode": "managed",
      "type": "aws_db_instance",
      "name": "mysql_instance",
      "provider": "provider[\"registry.terraform.io/hashicorp/aws\"]",
      "instances": [
        {
          "schema_version": 2,
          "attributes": {
            "address": "todo-db.cjcivdyeigsa.us-east-1.rds.amazonaws.com",
            "allocated_storage": 20,
            "allow_major_version_upgrade": true,
            "apply_immediately": false,
            "arn": "arn:aws:rds:us-east-1:469760441078:db:todo-db",
            "auto_minor_version_upgrade": true,
            "availability_zone": "us-east-1b",
            "backup_retention_period": 14,
            "backup_window": "09:35-10:05",
            "blue_green_update": [],
            "ca_cert_identifier": "rds-ca-2019",
            "character_set_name": "",
            "copy_tags_to_snapshot": false,
            "custom_iam_instance_profile": "",
            "customer_owned_ip_enabled": false,
            "db_name": "todo_app",
            "db_subnet_group_name": "todo-rds-subnet-group",
            "delete_automated_backups": true,
            "deletion_protection": false,
            "domain": "",
            "domain_iam_role_name": "",
            "enabled_cloudwatch_logs_exports": [],
            "endpoint": "todo-db.cjcivdyeigsa.us-east-1.rds.amazonaws.com:3306",
            "engine": "mysql",
            "engine_version": "8.0.32",
            "engine_version_actual": "8.0.32",
            "final_snapshot_identifier": null,
            "hosted_zone_id": "Z2R2ITUGPM61AM",
            "iam_database_authentication_enabled": false,
            "id": "db-RF2M2IFSBEUCQKXCMB6XLQDEII",
            "identifier": "todo-db",
            "identifier_prefix": "",
            "instance_class": "db.t2.small",
            "iops": 0,
            "kms_key_id": "",
            "latest_restorable_time": "2023-09-03T13:25:00Z",
            "license_model": "general-public-license",
            "listener_endpoint": [],
            "maintenance_window": "tue:08:58-tue:09:28",
            "manage_master_user_password": true,
            "master_user_secret": [
              {
                "kms_key_id": "arn:aws:kms:us-east-1:469760441078:key/5d545916-167e-4f87-be69-b2bde4c74e86",
                "secret_arn": "arn:aws:secretsmanager:us-east-1:469760441078:secret:rds!db-32f8fc80-feb1-430d-ba5b-b31ec024ba3b-5DmQLi",
                "secret_status": "active"
              }
            ],
            "master_user_secret_kms_key_id": null,
            "max_allocated_storage": 50,
            "monitoring_interval": 0,
            "monitoring_role_arn": "",
            "multi_az": false,
            "nchar_character_set_name": "",
            "network_type": "IPV4",
            "option_group_name": "default:mysql-8-0",
            "parameter_group_name": "default.mysql8.0",
            "password": null,
            "performance_insights_enabled": false,
            "performance_insights_kms_key_id": "",
            "performance_insights_retention_period": 0,
            "port": 3306,
            "publicly_accessible": false,
            "replica_mode": "",
            "replicas": [],
            "replicate_source_db": "",
            "resource_id": "db-RF2M2IFSBEUCQKXCMB6XLQDEII",
            "restore_to_point_in_time": [],
            "s3_import": [],
            "skip_final_snapshot": true,
            "snapshot_identifier": null,
            "status": "available",
            "storage_encrypted": false,
            "storage_throughput": 0,
            "storage_type": "gp2",
            "tags": {
              "Environment": "prod",
              "Name": "todo-rds-mysqldb-instance"
            },
            "tags_all": {
              "Environment": "prod",
              "Name": "todo-rds-mysqldb-instance"
            },
            "timeouts": null,
            "timezone": "",
            "username": "todo_user",
            "vpc_security_group_ids": [
              "sg-062e48f380b71d2d1"
            ]
          },
          "sensitive_attributes": [],
          "private": "eyJlMmJmYjczMC1lY2FhLTExZTYtOGY4OC0zNDM2M2JjN2M0YzAiOnsiY3JlYXRlIjoyNDAwMDAwMDAwMDAwLCJkZWxldGUiOjM2MDAwMDAwMDAwMDAsInVwZGF0ZSI6NDgwMDAwMDAwMDAwMH0sInNjaGVtYV92ZXJzaW9uIjoiMiJ9",
          "dependencies": [
            "aws_db_subnet_group.db_group",
            "aws_security_group.Allow_ALB",
            "aws_security_group.mysql_sg",
            "module.vpc.aws_subnet.private",
            "module.vpc.aws_vpc.this",
            "module.vpc.aws_vpc_ipv4_cidr_block_association.this"
          ]
        }
      ]
    },
    {
      "mode": "managed",
      "type": "aws_db_subnet_group",
      "name": "db_group",
      "provider": "provider[\"registry.terraform.io/hashicorp/aws\"]",
      "instances": [
        {
          "schema_version": 0,
          "attributes": {
            "arn": "arn:aws:rds:us-east-1:469760441078:subgrp:todo-rds-subnet-group",
            "description": "Managed by Terraform",
            "id": "todo-rds-subnet-group",
            "name": "todo-rds-subnet-group",
            "name_prefix": "",
            "subnet_ids": [
              "subnet-05ec374f6b5d85b8e",
              "subnet-0b777a9f655be274b",
              "subnet-0c8249dfc2005d557"
            ],
            "supported_network_types": [
              "IPV4"
            ],
            "tags": {
              "Environment": "prod"
            },
            "tags_all": {
              "Environment": "prod"
            },
            "vpc_id": "vpc-0d0002688aba0a6ad"
          },
          "sensitive_attributes": [],
          "private": "bnVsbA==",
          "dependencies": [
            "module.vpc.aws_subnet.private",
            "module.vpc.aws_vpc.this",
            "module.vpc.aws_vpc_ipv4_cidr_block_association.this"
          ]
        }
      ]
    },
    {
      "mode": "managed",
      "type": "aws_iam_instance_profile",
      "name": "server_profile",
      "provider": "provider[\"registry.terraform.io/hashicorp/aws\"]",
      "instances": [
        {
          "schema_version": 0,
          "attributes": {
            "arn": "arn:aws:iam::469760441078:instance-profile/todologicserverinstancerols",
            "create_date": "2023-09-03T12:51:56Z",
            "id": "todologicserverinstancerols",
            "name": "todologicserverinstancerols",
            "name_prefix": "",
            "path": "/",
            "role": "todorole",
            "tags": {
              "Environment": "prod"
            },
            "tags_all": {
              "Environment": "prod"
            },
            "unique_id": "AIPAW2X7HPL3FXM4UIP7E"
          },
          "sensitive_attributes": [],
          "private": "bnVsbA==",
          "dependencies": [
            "aws_iam_role.server_role",
            "data.aws_iam_policy_document.assume_role"
          ]
        }
      ]
    },
    {
      "mode": "managed",
      "type": "aws_iam_role",
      "name": "server_role",
      "provider": "provider[\"registry.terraform.io/hashicorp/aws\"]",
      "instances": [
        {
          "schema_version": 0,
          "attributes": {
            "arn": "arn:aws:iam::469760441078:role/todorole",
            "assume_role_policy": "{\"Statement\":[{\"Action\":\"sts:AssumeRole\",\"Effect\":\"Allow\",\"Principal\":{\"Service\":\"ec2.amazonaws.com\"}}],\"Version\":\"2012-10-17\"}",
            "create_date": "2023-09-03T12:51:54Z",
            "description": "",
            "force_detach_policies": false,
            "id": "todorole",
            "inline_policy": [
              {
                "name": "todo_inline_policy_ec2_read_access",
                "policy": "{\"Version\":\"2012-10-17\",\"Statement\":[{\"Action\":[\"ec2:Describe*\",\"rds:Describe*\",\"rds:ListTagsForResource\"],\"Effect\":\"Allow\",\"Resource\":\"*\"},{\"Action\":[\"s3:ListBucket\",\"s3:GetObject\"],\"Effect\":\"Allow\",\"Resource\":\"*\"},{\"Action\":\"elasticloadbalancing:Describe*\",\"Effect\":\"Allow\",\"Resource\":\"*\"},{\"Action\":[\"cloudwatch:ListMetrics\",\"cloudwatch:GetMetricStatistics\",\"cloudwatch:Describe*\"],\"Effect\":\"Allow\",\"Resource\":\"*\"},{\"Action\":\"autoscaling:Describe*\",\"Effect\":\"Allow\",\"Resource\":\"*\"},{\"Action\":[\"kms:DescribeKey\",\"kms:ListAliases\",\"kms:ListKeys\",\"rds:DescribeDBClusters\",\"rds:DescribeDBInstances\",\"tag:GetResources\"],\"Effect\":\"Allow\",\"Resource\":\"*\"},{\"Action\":[\"elasticfilesystem:DescribeFileSystems\"],\"Effect\":\"Allow\",\"Resource\":\"*\"},{\"Action\":[\"secretsmanager:GetSecretValue\",\"secretsmanager:DescribeSecret\",\"secretsmanager:ListSecrets\"],\"Effect\":\"Allow\",\"Resource\":\"*\"}]}"
              }
            ],
            "managed_policy_arns": [],
            "max_session_duration": 3600,
            "name": "todorole",
            "name_prefix": "",
            "path": "/",
            "permissions_boundary": null,
            "role_last_used": [
              {
                "last_used_date": "",
                "region": ""
              }
            ],
            "tags": {
              "Environment": "prod"
            },
            "tags_all": {
              "Environment": "prod"
            },
            "unique_id": "AROAW2X7HPL3AOSYVERLT"
          },
          "sensitive_attributes": [],
          "private": "bnVsbA==",
          "dependencies": [
            "data.aws_iam_policy_document.assume_role"
          ]
        }
      ]
    },
    {
      "mode": "managed",
      "type": "aws_instance",
      "name": "bastion",
      "provider": "provider[\"registry.terraform.io/hashicorp/aws\"]",
      "instances": [
        {
          "schema_version": 1,
          "attributes": {
            "ami": "ami-053b0d53c279acc90",
            "arn": "arn:aws:ec2:us-east-1:469760441078:instance/i-0587c5aa69f43cc7a",
            "associate_public_ip_address": true,
            "availability_zone": "us-east-1a",
            "capacity_reservation_specification": [
              {
                "capacity_reservation_preference": "open",
                "capacity_reservation_target": []
              }
            ],
            "cpu_core_count": 1,
            "cpu_options": [
              {
                "amd_sev_snp": "",
                "core_count": 1,
                "threads_per_core": 1
              }
            ],
            "cpu_threads_per_core": 1,
            "credit_specification": [
              {
                "cpu_credits": "standard"
              }
            ],
            "disable_api_stop": false,
            "disable_api_termination": false,
            "ebs_block_device": [],
            "ebs_optimized": false,
            "enclave_options": [
              {
                "enabled": false
              }
            ],
            "ephemeral_block_device": [],
            "get_password_data": false,
            "hibernation": false,
            "host_id": "",
            "host_resource_group_arn": null,
            "iam_instance_profile": "",
            "id": "i-0587c5aa69f43cc7a",
            "instance_initiated_shutdown_behavior": "stop",
            "instance_state": "running",
            "instance_type": "t2.micro",
            "ipv6_address_count": 0,
            "ipv6_addresses": [],
            "key_name": "todo-bastion-host-key",
            "launch_template": [],
            "maintenance_options": [
              {
                "auto_recovery": "default"
              }
            ],
            "metadata_options": [
              {
                "http_endpoint": "enabled",
                "http_put_response_hop_limit": 1,
                "http_tokens": "optional",
                "instance_metadata_tags": "disabled"
              }
            ],
            "monitoring": false,
            "network_interface": [],
            "outpost_arn": "",
            "password_data": "",
            "placement_group": "",
            "placement_partition_number": 0,
            "primary_network_interface_id": "eni-072a7198880bea63e",
            "private_dns": "ip-10-0-53-210.ec2.internal",
            "private_dns_name_options": [
              {
                "enable_resource_name_dns_a_record": false,
                "enable_resource_name_dns_aaaa_record": false,
                "hostname_type": "ip-name"
              }
            ],
            "private_ip": "10.0.53.210",
            "public_dns": "ec2-54-211-204-221.compute-1.amazonaws.com",
            "public_ip": "54.211.204.221",
            "root_block_device": [
              {
                "delete_on_termination": true,
                "device_name": "/dev/sda1",
                "encrypted": false,
                "iops": 100,
                "kms_key_id": "",
                "tags": {},
                "throughput": 0,
                "volume_id": "vol-0b1a75e11f1c4f388",
                "volume_size": 8,
                "volume_type": "gp2"
              }
            ],
            "secondary_private_ips": [],
            "security_groups": [],
            "source_dest_check": true,
            "subnet_id": "subnet-025bb4b9a1cbd0ebb",
            "tags": {
              "Environment": "prod",
              "Name": "todo-Bastion-Host"
            },
            "tags_all": {
              "Environment": "prod",
              "Name": "todo-Bastion-Host"
            },
            "tenancy": "default",
            "timeouts": null,
            "user_data": "3f8f3c4e264197a41adadca180d34571af18dbfe",
            "user_data_base64": null,
            "user_data_replace_on_change": false,
            "volume_tags": null,
            "vpc_security_group_ids": [
              "sg-039abe98cca014f0e"
            ]
          },
          "sensitive_attributes": [],
          "private": "eyJlMmJmYjczMC1lY2FhLTExZTYtOGY4OC0zNDM2M2JjN2M0YzAiOnsiY3JlYXRlIjo2MDAwMDAwMDAwMDAsImRlbGV0ZSI6MTIwMDAwMDAwMDAwMCwidXBkYXRlIjo2MDAwMDAwMDAwMDB9LCJzY2hlbWFfdmVyc2lvbiI6IjEifQ==",
          "dependencies": [
            "aws_key_pair.security_key",
            "aws_security_group.bastion-sg",
            "aws_subnet.bastion_sub",
            "data.template_file.user_data",
            "module.vpc.aws_vpc.this"
          ]
        }
      ]
    },
    {
      "mode": "managed",
      "type": "aws_key_pair",
      "name": "security_key",
      "provider": "provider[\"registry.terraform.io/hashicorp/aws\"]",
      "instances": [
        {
          "schema_version": 1,
          "attributes": {
            "arn": "arn:aws:ec2:us-east-1:469760441078:key-pair/todo-bastion-host-key",
            "fingerprint": "e5:86:d0:d7:82:99:62:ef:40:91:2f:7b:1f:b0:e2:d5",
            "id": "todo-bastion-host-key",
            "key_name": "todo-bastion-host-key",
            "key_name_prefix": "",
            "key_pair_id": "key-0f9901b1732ffbee6",
            "key_type": "rsa",
            "public_key": "ssh-rsa AAAAB3NzaC1yc2EAAAADAQABAAACAQCvxd0CFLjK1R2LztDmuEB6YrRmvBWgkCNoYe1p7wQg+CxeLoIVbsxId94n570CLb2ZRywiRRslONuUakwCpj4RBa/Vf2jHDnRLgR0Bqeq23R342dJBYuhRNv5gXDcdifFDGtdPqReoRY5D+ZaG3XoFuuK5oQfgBnV3SnjXZYUDXXB9WELrdsTxRgL6/56Ql9jaPtwRXpV1SbJElev2Xs9XnPuSrRGv3AQxz+oMn2bH5nD1J1KCpYjc9OfIkxHB8zpehDZ5h/lHsiHSrDvG9qDInEhjoO6cQcReU3cKx8ecPJJELcfWXa7pqxFPEsCvi/zb+1ISInvTq8ZnbSoTi3b+NfXN5MccxaHdDvvS+A4Pzu4/akkhyH+lhb+m0YSq/Hp2qCUZeQuCE/xPo9rkFe+IZVsnhrnolo6k+jt8RgBRNH807nGWwhAa1DcNqOdnpO+J4geTPm+JzuITw+ttdiE5vHltmJpj80j4Khx696SE6e9thZcydpfNhyLBKo5LPVq+hHtEr6IYjeDIs2MbIC8kp2GCRmBDBaf/LoGm3UoOPUoYKytep2SXx9LNmPMBzYxjiHWwHrWlCbbEYLRwom9dMQyCOLoZavN2DvO8klCDJLGJKMEU2GxeYDP8ECCRRnrYjyfosLWqbbR3aSpuXeUJRa56UUGWLvYuVbpkjsCy5Q== deepak@PF1RN8ZY",
            "tags": {},
            "tags_all": {}
          },
          "sensitive_attributes": [],
          "private": "eyJzY2hlbWFfdmVyc2lvbiI6IjEifQ=="
        }
      ]
    },
    {
      "mode": "managed",
      "type": "aws_launch_template",
      "name": "todo-template",
      "provider": "provider[\"registry.terraform.io/hashicorp/aws\"]",
      "instances": [
        {
          "schema_version": 0,
          "attributes": {
            "arn": "arn:aws:ec2:us-east-1:469760441078:launch-template/lt-0aa5dc6b9b4a17ee1",
            "block_device_mappings": [
              {
                "device_name": "/dev/sda1",
                "ebs": [
                  {
                    "delete_on_termination": "true",
                    "encrypted": "true",
                    "iops": 0,
                    "kms_key_id": "",
                    "snapshot_id": "",
                    "throughput": 0,
                    "volume_size": 30,
                    "volume_type": ""
                  }
                ],
                "no_device": "",
                "virtual_name": ""
              }
            ],
            "capacity_reservation_specification": [],
            "cpu_options": [],
            "credit_specification": [],
            "default_version": 1,
            "description": "",
            "disable_api_stop": false,
            "disable_api_termination": false,
            "ebs_optimized": "false",
            "elastic_gpu_specifications": [],
            "elastic_inference_accelerator": [],
            "enclave_options": [],
            "hibernation_options": [],
            "iam_instance_profile": [
              {
                "arn": "",
                "name": "todologicserverinstancerols"
              }
            ],
            "id": "lt-0aa5dc6b9b4a17ee1",
            "image_id": "ami-053b0d53c279acc90",
            "instance_initiated_shutdown_behavior": "",
            "instance_market_options": [],
            "instance_requirements": [],
            "instance_type": "t2.small",
            "kernel_id": "",
            "key_name": "todo-bastion-host-key",
            "latest_version": 1,
            "license_specification": [],
            "maintenance_options": [],
            "metadata_options": [],
            "monitoring": [],
            "name": "todo-logic-tier-template",
            "name_prefix": "",
            "network_interfaces": [
              {
                "associate_carrier_ip_address": "",
                "associate_public_ip_address": "false",
                "delete_on_termination": "true",
                "description": "",
                "device_index": 0,
                "interface_type": "",
                "ipv4_address_count": 0,
                "ipv4_addresses": [],
                "ipv4_prefix_count": 0,
                "ipv4_prefixes": [],
                "ipv6_address_count": 0,
                "ipv6_addresses": [],
                "ipv6_prefix_count": 0,
                "ipv6_prefixes": [],
                "network_card_index": 0,
                "network_interface_id": "",
                "private_ip_address": "",
                "security_groups": [
                  "sg-09c3a0e0889d2153c"
                ],
                "subnet_id": ""
              }
            ],
            "placement": [],
            "private_dns_name_options": [],
            "ram_disk_id": "",
            "security_group_names": [],
            "tag_specifications": [
              {
                "resource_type": "instance",
                "tags": {
                  "Name": "todo-logic-tier-server"
                }
              }
            ],
            "tags": {},
            "tags_all": {},
            "update_default_version": null,
            "user_data": "IyEvYmluL2Jhc2gKCiMgVXNlIEdvb2dsZSdzIEROUwplY2hvICJuYW1lc2VydmVyIDguOC44LjgiID4+IC9ldGMvcmVzb2x2LmNvbmYKCiMgRm9yY2UgYXB0IHRvIHVzZSBJUFY0CmFwdC1nZXQgLW8gQWNxdWlyZTo6Rm9yY2VJUHY0PXRydWUgdXBkYXRlCgojIENoYW5nZSBob3N0bmFtZQplY2hvIHRhc2stYXBwLXNlcnZlciIgPiAvZXRjL2hvc3RuYW1lCgojIEluc3RhbGwgZWZzLXV0aWxzCmFwdC1nZXQgaW5zdGFsbCBhd3NjbGkgLXkKbWtkaXIgL2VmcwpzdWRvIGFwdC1nZXQgLXkgaW5zdGFsbCBnaXQgYmludXRpbHMKZ2l0IGNsb25lIGh0dHBzOi8vZ2l0aHViLmNvbS9hd3MvZWZzLXV0aWxzCmNkIC9lZnMtdXRpbHMKLi9idWlsZC1kZWIuc2gKYXB0LWdldCAteSBpbnN0YWxsIC4vYnVpbGQvYW1hem9uLWVmcy11dGlscypkZWIKCiMgTW91bnQgRUZTCmZzbmFtZT0kKGF3cyBlZnMgZGVzY3JpYmUtZmlsZS1zeXN0ZW1zIC0tcmVnaW9uIHVzLWVhc3QtMSAtLWNyZWF0aW9uLXRva2VuIHByb2plY3QteCAtLW91dHB1dCB0YWJsZSB8Z3JlcCBGaWxlU3lzdGVtSWQgfGF3ayAne3ByaW50ICQoTkYtMSl9JykKbW91bnQgLXQgZWZzICRmc25hbWUgL2VmcwoKIyBHZXQgREIgY3JlZGVudGlhbHMKREI9JChhd3MgcmRzIGRlc2NyaWJlLWRiLWluc3RhbmNlcyAtLWRiLWluc3RhbmNlLWlkZW50aWZpZXIgLS1yZWdpb24gdXMtZWFzdC0xIGRhdGFiYXNlLTEgLS1vdXRwdXQgdGFibGUgfGdyZXAgREJOYW1lIHxhd2sgJ3twcmludCAkKE5GLTEpfScpCkhPU1Q9JCggYXdzIHJkcyBkZXNjcmliZS1kYi1pbnN0YW5jZXMgLS1kYi1pbnN0YW5jZS1pZGVudGlmaWVyIC0tcmVnaW9uIHVzLWVhc3QtMSBkYXRhYmFzZS0xIC0tb3V0cHV0IHRhYmxlIHxncmVwIEFkZHJlc3MgfGF3ayAne3ByaW50ICQoTkYtMSl9JykKQVJOPSQoYXdzIHNlY3JldHNtYW5hZ2VyIGxpc3Qtc2VjcmV0cyAtLXJlZ2lvbiB1cy1lYXN0LTEgLS1maWx0ZXJzICJLZXk9dGFnLXZhbHVlLCBWYWx1ZXM9cHJvamVjdC14LXJkcy1teXNxbGRiLWluc3RhbmNlIiAtLW91dHB1dCB0YWJsZSB8Z3JlcCBBUk4gfGF3ayAne3ByaW50ICQoTkYtMSl9JykKVVNFUj0kKGF3cyBzZWNyZXRzbWFuYWdlciBnZXQtc2VjcmV0LXZhbHVlIC0tcmVnaW9uIHVzLWVhc3QtMSAtLXNlY3JldC1pZCAkQVJOIC0tb3V0cHV0IHRhYmxlIHxncmVwIC13IFNlY3JldFN0cmluZyB8YXdrICd7cHJpbnQgJDN9JyB8Y3V0IC1kOiAtZjIgfHNlZCAncy9wYXNzd29yZC8vJyB8dHIgLWQgJyIsJykKUFJFX1BBU1NXT1JEPSQoYXdzIHNlY3JldHNtYW5hZ2VyIGdldC1zZWNyZXQtdmFsdWUgLS1yZWdpb24gdXMtZWFzdC0xIC0tc2VjcmV0LWlkICRBUk4gLS1vdXRwdXQgdGFibGUgfGdyZXAgLXcgU2VjcmV0U3RyaW5nIHxhd2sgJ3twcmludCAkM30nIHxjdXQgLWQ6IC1mMyB8dHIgLWQgJyInKQpQQVNTV09SRD0ke1BSRV9QQVNTV09SRCU/fQoKIyBpbnN0YWxsIGFuZCBzZXQgdXAgRmxhc2sKYXB0LWdldCB1cGRhdGUgLXkgJiYgYXB0LWdldCB1cGdyYWRlIC15IAphcHQtZ2V0IGluc3RhbGwgcHl0aG9uMy1mbGFzayBteXNxbC1jbGllbnQgbXlzcWwtc2VydmVyIHB5dGhvbjMtcGlwIHB5dGhvbjMtdmVudiAteSAKYXB0LWdldCBpbnN0YWxsIHNveCBmZm1wZWcgbGliY2Fpcm8yIGxpYmNhaXJvMi1kZXYgLXkgCmFwdC1nZXQgaW5zdGFsbCBweXRob24zLWRldiBkZWZhdWx0LWxpYm15c3FsY2xpZW50LWRldiBidWlsZC1lc3NlbnRpYWwgLXkgCgojIENsb25lIHRoZSBhcHAKY2QgLwpnaXQgY2xvbmUgaHR0cHM6Ly9naXRodWIuY29tL0tlbHZpbnNrZWxsL3RlcnJhLXRpZXIuZ2l0CmNkIC90ZXJyYS10aWVyCgojIFBvcHVsYXRlIEFwcCB3aXRoIGVudmlyb25tZW50YWwgdmFyaWFibGVzCmVjaG8gIk1ZU1FMX1JPT1RfUEFTU1dPUkQ9JFBBU1NXT1JEIiA+IC5lbnYKY2QgL3RlcnJhLXRpZXIvYXBwbGljYXRpb24KZWNobyAiTVlTUUxfREI9JERCIiA+IC5lbnYKZWNobyAiTVlTUUxfSE9TVD0kSE9TVCIgPj4gLmVudgplY2hvICJNWVNRTF9VU0VSPSRVU0VSIiA+PiAuZW52CmVjaG8gIkRBVEFCQVNFX1BBU1NXT1JEPSRQQVNTV09SRCIgPj4gLmVudgplY2hvICJNWVNRTF9ST09UX1BBU1NXT1JEPSRQQVNTV09SRCIgPj4gLmVudgplY2hvICJTRUNSRVRfS0VZPTA4ZGFlNzYwYzI0ODhkOGEwZGNhMWJmYiIgPj4gLmVudiAjIEZMQVNLIEVYVEVOU0lPTiBLRVkuIE5PVCBORUNFU1NBUklMWSBBICJTRUNSRVQiLgplY2hvICJBUElfS0VZPWYzOTMwN2JiNjFmYjMxZWEyYzQ1ODQ3OTc2MmI5YWNjIiA+PiAuZW52IAojIFlPVSBUWVBJQ0FMTFkgRE9OJ1QgQUREIFNFQ1JFVFMgU1VDSCBBUyBBUEkgS0VZUyBBUyBQQVJUIE9GIFNPVVJDRSBDT05UUk9MIElOIFBMQUlOIFRFWFQuCiMgVEhJUyBJUyBCRUlHTiBBRERFRCBIRVJFIFNPIFRIQVQgWU9VIENBTiBFQVNJTFkgUkVQTElDQVRFIFRISVMgSU5GUkFTVFJVQ1RVUkUgV0lUSE9VVCBBTlkgSEFTU0xFUy4KIyBZT1UgQ0FOIFJFUExBQ0UgSVQgV0lUSCBZT1VSIE9XTiBNRURJQVNUQUNLIEFQSSBLRVkuCgojIEluc3RhbGwgdGhlIENvZGVEZXBsb3kgYWdlbnQKYXB0IGluc3RhbGwgcnVieS1mdWxsIHdnZXQgLXkKY2QgL2hvbWUvdWJ1bnR1CndnZXQgaHR0cHM6Ly9hd3MtY29kZWRlcGxveS11cy1lYXN0LTEuczMudXMtZWFzdC0xLmFtYXpvbmF3cy5jb20vbGF0ZXN0L2luc3RhbGwKY2htb2QgK3ggLi9pbnN0YWxsCi4vaW5zdGFsbCBhdXRvCgojIFJ1biBGbGFzayBBcHBsaWNhdGlvbgpjcCAvdGVycmEtdGllci9uZXdzcmVhZC5zZXJ2aWNlIC9ldGMvc3lzdGVtZC9zeXN0ZW0vbmV3c3JlYWQuc2VydmljZQpzeXN0ZW1jdGwgZGFlbW9uLXJlbG9hZApzeXN0ZW1jdGwgZW5hYmxlIG5ld3NyZWFkCnBpcCBpbnN0YWxsIC1yIC90ZXJyYS10aWVyL3JlcXVpcmVtZW50cy50eHQKc3lzdGVtY3RsIHN0YXJ0IG5ld3NyZWFk",
            "vpc_security_group_ids": []
          },
          "sensitive_attributes": [],
          "private": "bnVsbA==",
          "dependencies": [
            "aws_iam_instance_profile.server_profile",
            "aws_iam_role.server_role",
            "aws_key_pair.security_key",
            "aws_security_group.Allow_ALB",
            "data.aws_iam_policy_document.assume_role",
            "module.vpc.aws_vpc.this"
          ]
        }
      ]
    },
    {
      "mode": "managed",
      "type": "aws_lb",
      "name": "alb",
      "provider": "provider[\"registry.terraform.io/hashicorp/aws\"]",
      "instances": [
        {
          "schema_version": 0,
          "attributes": {
            "access_logs": [
              {
                "bucket": "",
                "enabled": false,
                "prefix": ""
              }
            ],
            "arn": "arn:aws:elasticloadbalancing:us-east-1:469760441078:loadbalancer/app/todo-alb/f3c24595e95157b8",
            "arn_suffix": "app/todo-alb/f3c24595e95157b8",
            "customer_owned_ipv4_pool": "",
            "desync_mitigation_mode": "defensive",
            "dns_name": "todo-alb-1635562004.us-east-1.elb.amazonaws.com",
            "drop_invalid_header_fields": false,
            "enable_cross_zone_load_balancing": true,
            "enable_deletion_protection": false,
            "enable_http2": true,
            "enable_tls_version_and_cipher_suite_headers": false,
            "enable_waf_fail_open": false,
            "enable_xff_client_port": false,
            "id": "arn:aws:elasticloadbalancing:us-east-1:469760441078:loadbalancer/app/todo-alb/f3c24595e95157b8",
            "idle_timeout": 60,
            "internal": false,
            "ip_address_type": "ipv4",
            "load_balancer_type": "application",
            "name": "todo-alb",
            "name_prefix": null,
            "preserve_host_header": false,
            "security_groups": [
              "sg-00ba2f9c4f449d126"
            ],
            "subnet_mapping": [
              {
                "allocation_id": "",
                "ipv6_address": "",
                "outpost_id": "",
                "private_ipv4_address": "",
                "subnet_id": "subnet-006f4a35ff864159f"
              },
              {
                "allocation_id": "",
                "ipv6_address": "",
                "outpost_id": "",
                "private_ipv4_address": "",
                "subnet_id": "subnet-01b47b911bad753cc"
              },
              {
                "allocation_id": "",
                "ipv6_address": "",
                "outpost_id": "",
                "private_ipv4_address": "",
                "subnet_id": "subnet-090709be5996f9a1a"
              }
            ],
            "subnets": [
              "subnet-006f4a35ff864159f",
              "subnet-01b47b911bad753cc",
              "subnet-090709be5996f9a1a"
            ],
            "tags": {
              "Environment": "prod"
            },
            "tags_all": {
              "Environment": "prod"
            },
            "timeouts": null,
            "vpc_id": "vpc-0d0002688aba0a6ad",
            "xff_header_processing_mode": "append",
            "zone_id": "Z35SXDOTRQ7X7K"
          },
          "sensitive_attributes": [],
          "private": "eyJlMmJmYjczMC1lY2FhLTExZTYtOGY4OC0zNDM2M2JjN2M0YzAiOnsiY3JlYXRlIjo2MDAwMDAwMDAwMDAsImRlbGV0ZSI6NjAwMDAwMDAwMDAwLCJ1cGRhdGUiOjYwMDAwMDAwMDAwMH19",
          "dependencies": [
            "aws_security_group.Allow_ALB",
            "aws_security_group.alb-sg",
            "module.vpc.aws_subnet.public",
            "module.vpc.aws_vpc.this",
            "module.vpc.aws_vpc_ipv4_cidr_block_association.this"
          ]
        }
      ]
    },
    {
      "mode": "managed",
      "type": "aws_lb_listener",
      "name": "http",
      "provider": "provider[\"registry.terraform.io/hashicorp/aws\"]",
      "instances": [
        {
          "schema_version": 0,
          "attributes": {
            "alpn_policy": null,
            "arn": "arn:aws:elasticloadbalancing:us-east-1:469760441078:listener/app/todo-alb/f3c24595e95157b8/b2723ed1026d7697",
            "certificate_arn": null,
            "default_action": [
              {
                "authenticate_cognito": [],
                "authenticate_oidc": [],
                "fixed_response": [],
                "forward": [],
                "order": 1,
                "redirect": [],
                "target_group_arn": "arn:aws:elasticloadbalancing:us-east-1:469760441078:targetgroup/todo-lb-tg/37170890cea05cde",
                "type": "forward"
              }
            ],
            "id": "arn:aws:elasticloadbalancing:us-east-1:469760441078:listener/app/todo-alb/f3c24595e95157b8/b2723ed1026d7697",
            "load_balancer_arn": "arn:aws:elasticloadbalancing:us-east-1:469760441078:loadbalancer/app/todo-alb/f3c24595e95157b8",
            "port": 80,
            "protocol": "HTTP",
            "ssl_policy": "",
            "tags": {
              "Environment": "prod",
              "Name": "todo-alb-listener"
            },
            "tags_all": {
              "Environment": "prod",
              "Name": "todo-alb-listener"
            },
            "timeouts": null
          },
          "sensitive_attributes": [],
          "private": "eyJlMmJmYjczMC1lY2FhLTExZTYtOGY4OC0zNDM2M2JjN2M0YzAiOnsicmVhZCI6NjAwMDAwMDAwMDAwfX0=",
          "dependencies": [
            "aws_lb.alb",
            "aws_lb_target_group.tg"
          ]
        }
      ]
    },
    {
      "mode": "managed",
      "type": "aws_lb_target_group",
      "name": "tg",
      "provider": "provider[\"registry.terraform.io/hashicorp/aws\"]",
      "instances": [
        {
          "schema_version": 0,
          "attributes": {
            "arn": "arn:aws:elasticloadbalancing:us-east-1:469760441078:targetgroup/todo-lb-tg/37170890cea05cde",
            "arn_suffix": "targetgroup/todo-lb-tg/37170890cea05cde",
            "connection_termination": false,
            "deregistration_delay": "300",
            "health_check": [
              {
                "enabled": true,
                "healthy_threshold": 2,
                "interval": 60,
                "matcher": "200-299",
                "path": "/",
                "port": "80",
                "protocol": "HTTP",
                "timeout": 10,
                "unhealthy_threshold": 4
              }
            ],
            "id": "arn:aws:elasticloadbalancing:us-east-1:469760441078:targetgroup/todo-lb-tg/37170890cea05cde",
            "ip_address_type": "ipv4",
            "lambda_multi_value_headers_enabled": false,
            "load_balancing_algorithm_type": "round_robin",
            "load_balancing_cross_zone_enabled": "use_load_balancer_configuration",
            "name": "todo-lb-tg",
            "name_prefix": null,
            "port": 80,
            "preserve_client_ip": null,
            "protocol": "HTTP",
            "protocol_version": "HTTP1",
            "proxy_protocol_v2": false,
            "slow_start": 0,
            "stickiness": [
              {
                "cookie_duration": 86400,
                "cookie_name": "",
                "enabled": false,
                "type": "lb_cookie"
              }
            ],
            "tags": {},
            "tags_all": {},
            "target_failover": [
              {
                "on_deregistration": null,
                "on_unhealthy": null
              }
            ],
            "target_type": "instance",
            "vpc_id": "vpc-0d0002688aba0a6ad"
          },
          "sensitive_attributes": [],
          "private": "bnVsbA==",
          "dependencies": [
            "module.vpc.aws_vpc.this"
          ]
        }
      ]
    },
    {
      "mode": "managed",
      "type": "aws_route_table",
      "name": "bastion_rt",
      "provider": "provider[\"registry.terraform.io/hashicorp/aws\"]",
      "instances": [
        {
          "schema_version": 0,
          "attributes": {
            "arn": "arn:aws:ec2:us-east-1:469760441078:route-table/rtb-0f2008291f1685814",
            "id": "rtb-0f2008291f1685814",
            "owner_id": "469760441078",
            "propagating_vgws": [],
            "route": [
              {
                "carrier_gateway_id": "",
                "cidr_block": "0.0.0.0/0",
                "core_network_arn": "",
                "destination_prefix_list_id": "",
                "egress_only_gateway_id": "",
                "gateway_id": "igw-0e7f22cd588a5a67c",
                "ipv6_cidr_block": "",
                "local_gateway_id": "",
                "nat_gateway_id": "",
                "network_interface_id": "",
                "transit_gateway_id": "",
                "vpc_endpoint_id": "",
                "vpc_peering_connection_id": ""
              }
            ],
            "tags": {
              "Name": "todo-bastion-host-rt"
            },
            "tags_all": {
              "Name": "todo-bastion-host-rt"
            },
            "timeouts": null,
            "vpc_id": "vpc-0d0002688aba0a6ad"
          },
          "sensitive_attributes": [],
          "private": "eyJlMmJmYjczMC1lY2FhLTExZTYtOGY4OC0zNDM2M2JjN2M0YzAiOnsiY3JlYXRlIjozMDAwMDAwMDAwMDAsImRlbGV0ZSI6MzAwMDAwMDAwMDAwLCJ1cGRhdGUiOjEyMDAwMDAwMDAwMH19",
          "dependencies": [
            "module.vpc.aws_internet_gateway.this",
            "module.vpc.aws_vpc.this",
            "module.vpc.aws_vpc_ipv4_cidr_block_association.this"
          ]
        }
      ]
    },
    {
      "mode": "managed",
      "type": "aws_route_table_association",
      "name": "rt-a",
      "provider": "provider[\"registry.terraform.io/hashicorp/aws\"]",
      "instances": [
        {
          "schema_version": 0,
          "attributes": {
            "gateway_id": "",
            "id": "rtbassoc-074b2c16d6163189f",
            "route_table_id": "rtb-0f2008291f1685814",
            "subnet_id": "subnet-025bb4b9a1cbd0ebb",
            "timeouts": null
          },
          "sensitive_attributes": [],
          "private": "eyJlMmJmYjczMC1lY2FhLTExZTYtOGY4OC0zNDM2M2JjN2M0YzAiOnsiY3JlYXRlIjozMDAwMDAwMDAwMDAsImRlbGV0ZSI6MzAwMDAwMDAwMDAwLCJ1cGRhdGUiOjEyMDAwMDAwMDAwMH19",
          "dependencies": [
            "aws_route_table.bastion_rt",
            "aws_subnet.bastion_sub",
            "module.vpc.aws_internet_gateway.this",
            "module.vpc.aws_vpc.this",
            "module.vpc.aws_vpc_ipv4_cidr_block_association.this"
          ]
        }
      ]
    },
    {
      "mode": "managed",
      "type": "aws_security_group",
      "name": "Allow_ALB",
      "provider": "provider[\"registry.terraform.io/hashicorp/aws\"]",
      "instances": [
        {
          "schema_version": 1,
          "attributes": {
            "arn": "arn:aws:ec2:us-east-1:469760441078:security-group/sg-09c3a0e0889d2153c",
            "description": "Allow only authorized access to logic layer",
            "egress": [
              {
                "cidr_blocks": [
                  "0.0.0.0/0"
                ],
                "description": "",
                "from_port": 0,
                "ipv6_cidr_blocks": [
                  "::/0"
                ],
                "prefix_list_ids": [],
                "protocol": "-1",
                "security_groups": [],
                "self": false,
                "to_port": 0
              }
            ],
            "id": "sg-09c3a0e0889d2153c",
            "ingress": [
              {
                "cidr_blocks": [
                  "10.0.0.0/16"
                ],
                "description": "App port",
                "from_port": 80,
                "ipv6_cidr_blocks": [],
                "prefix_list_ids": [],
                "protocol": "tcp",
                "security_groups": [],
                "self": false,
                "to_port": 80
              },
              {
                "cidr_blocks": [
                  "10.0.0.0/16"
                ],
                "description": "SSH port",
                "from_port": 22,
                "ipv6_cidr_blocks": [],
                "prefix_list_ids": [],
                "protocol": "tcp",
                "security_groups": [],
                "self": false,
                "to_port": 22
              }
            ],
            "name": "todo-logic-tier-sg",
            "name_prefix": "",
            "owner_id": "469760441078",
            "revoke_rules_on_delete": false,
            "tags": {
              "Environment": "prod",
              "Name": "todo-logic-tier-sg"
            },
            "tags_all": {
              "Environment": "prod",
              "Name": "todo-logic-tier-sg"
            },
            "timeouts": null,
            "vpc_id": "vpc-0d0002688aba0a6ad"
          },
          "sensitive_attributes": [],
          "private": "eyJlMmJmYjczMC1lY2FhLTExZTYtOGY4OC0zNDM2M2JjN2M0YzAiOnsiY3JlYXRlIjo2MDAwMDAwMDAwMDAsImRlbGV0ZSI6OTAwMDAwMDAwMDAwfSwic2NoZW1hX3ZlcnNpb24iOiIxIn0=",
          "dependencies": [
            "module.vpc.aws_vpc.this"
          ],
          "create_before_destroy": true
        }
      ]
    },
    {
      "mode": "managed",
      "type": "aws_security_group",
      "name": "alb-sg",
      "provider": "provider[\"registry.terraform.io/hashicorp/aws\"]",
      "instances": [
        {
          "schema_version": 1,
          "attributes": {
            "arn": "arn:aws:ec2:us-east-1:469760441078:security-group/sg-00ba2f9c4f449d126",
            "description": "Allow only authorized access to logic layer",
            "egress": [
              {
                "cidr_blocks": [],
                "description": "",
                "from_port": 80,
                "ipv6_cidr_blocks": [
                  "::/0"
                ],
                "prefix_list_ids": [],
                "protocol": "tcp",
                "security_groups": [
                  "sg-09c3a0e0889d2153c"
                ],
                "self": false,
                "to_port": 80
              }
            ],
            "id": "sg-00ba2f9c4f449d126",
            "ingress": [
              {
                "cidr_blocks": [
                  "0.0.0.0/0"
                ],
                "description": "Allow HTTP",
                "from_port": 80,
                "ipv6_cidr_blocks": [],
                "prefix_list_ids": [],
                "protocol": "tcp",
                "security_groups": [],
                "self": false,
                "to_port": 80
              },
              {
                "cidr_blocks": [
                  "0.0.0.0/0"
                ],
                "description": "Allow HTTPS",
                "from_port": 443,
                "ipv6_cidr_blocks": [],
                "prefix_list_ids": [],
                "protocol": "tcp",
                "security_groups": [],
                "self": false,
                "to_port": 443
              }
            ],
            "name": "todo-alb-sg",
            "name_prefix": "",
            "owner_id": "469760441078",
            "revoke_rules_on_delete": false,
            "tags": {
              "Environment": "prod",
              "Name": "todo-alb-sg"
            },
            "tags_all": {
              "Environment": "prod",
              "Name": "todo-alb-sg"
            },
            "timeouts": null,
            "vpc_id": "vpc-0d0002688aba0a6ad"
          },
          "sensitive_attributes": [],
          "private": "eyJlMmJmYjczMC1lY2FhLTExZTYtOGY4OC0zNDM2M2JjN2M0YzAiOnsiY3JlYXRlIjo2MDAwMDAwMDAwMDAsImRlbGV0ZSI6OTAwMDAwMDAwMDAwfSwic2NoZW1hX3ZlcnNpb24iOiIxIn0=",
          "dependencies": [
            "aws_security_group.Allow_ALB",
            "module.vpc.aws_vpc.this"
          ],
          "create_before_destroy": true
        }
      ]
    },
    {
      "mode": "managed",
      "type": "aws_security_group",
      "name": "bastion-sg",
      "provider": "provider[\"registry.terraform.io/hashicorp/aws\"]",
      "instances": [
        {
          "schema_version": 1,
          "attributes": {
            "arn": "arn:aws:ec2:us-east-1:469760441078:security-group/sg-039abe98cca014f0e",
            "description": "Allow NFS From Logic layer",
            "egress": [
              {
                "cidr_blocks": [
                  "0.0.0.0/0"
                ],
                "description": "",
                "from_port": 0,
                "ipv6_cidr_blocks": [],
                "prefix_list_ids": [],
                "protocol": "-1",
                "security_groups": [],
                "self": false,
                "to_port": 0
              }
            ],
            "id": "sg-039abe98cca014f0e",
            "ingress": [
              {
                "cidr_blocks": [
                  "0.0.0.0/0"
                ],
                "description": "Allow SSH from everywhere",
                "from_port": 22,
                "ipv6_cidr_blocks": [],
                "prefix_list_ids": [],
                "protocol": "tcp",
                "security_groups": [],
                "self": false,
                "to_port": 22
              }
            ],
            "name": "todo-bastion-host-sg",
            "name_prefix": "",
            "owner_id": "469760441078",
            "revoke_rules_on_delete": false,
            "tags": {
              "Environment": "prod",
              "Name": "todo-bastion-host-sg"
            },
            "tags_all": {
              "Environment": "prod",
              "Name": "todo-bastion-host-sg"
            },
            "timeouts": null,
            "vpc_id": "vpc-0d0002688aba0a6ad"
          },
          "sensitive_attributes": [],
          "private": "eyJlMmJmYjczMC1lY2FhLTExZTYtOGY4OC0zNDM2M2JjN2M0YzAiOnsiY3JlYXRlIjo2MDAwMDAwMDAwMDAsImRlbGV0ZSI6OTAwMDAwMDAwMDAwfSwic2NoZW1hX3ZlcnNpb24iOiIxIn0=",
          "dependencies": [
            "module.vpc.aws_vpc.this"
          ]
        }
      ]
    },
    {
      "mode": "managed",
      "type": "aws_security_group",
      "name": "mysql_sg",
      "provider": "provider[\"registry.terraform.io/hashicorp/aws\"]",
      "instances": [
        {
          "schema_version": 1,
          "attributes": {
            "arn": "arn:aws:ec2:us-east-1:469760441078:security-group/sg-062e48f380b71d2d1",
            "description": "Allow database connections From Logic layer",
            "egress": [
              {
                "cidr_blocks": [
                  "0.0.0.0/0"
                ],
                "description": "",
                "from_port": 0,
                "ipv6_cidr_blocks": [],
                "prefix_list_ids": [],
                "protocol": "-1",
                "security_groups": [],
                "self": false,
                "to_port": 0
              }
            ],
            "id": "sg-062e48f380b71d2d1",
            "ingress": [
              {
                "cidr_blocks": [],
                "description": "",
                "from_port": 3306,
                "ipv6_cidr_blocks": [],
                "prefix_list_ids": [],
                "protocol": "tcp",
                "security_groups": [
                  "sg-09c3a0e0889d2153c"
                ],
                "self": false,
                "to_port": 3306
              }
            ],
            "name": "todo-mysql-sg",
            "name_prefix": "",
            "owner_id": "469760441078",
            "revoke_rules_on_delete": false,
            "tags": {},
            "tags_all": {},
            "timeouts": null,
            "vpc_id": "vpc-0d0002688aba0a6ad"
          },
          "sensitive_attributes": [],
          "private": "eyJlMmJmYjczMC1lY2FhLTExZTYtOGY4OC0zNDM2M2JjN2M0YzAiOnsiY3JlYXRlIjo2MDAwMDAwMDAwMDAsImRlbGV0ZSI6OTAwMDAwMDAwMDAwfSwic2NoZW1hX3ZlcnNpb24iOiIxIn0=",
          "dependencies": [
            "aws_security_group.Allow_ALB",
            "module.vpc.aws_vpc.this"
          ]
        }
      ]
    },
    {
      "mode": "managed",
      "type": "aws_subnet",
      "name": "bastion_sub",
      "provider": "provider[\"registry.terraform.io/hashicorp/aws\"]",
      "instances": [
        {
          "schema_version": 1,
          "attributes": {
            "arn": "arn:aws:ec2:us-east-1:469760441078:subnet/subnet-025bb4b9a1cbd0ebb",
            "assign_ipv6_address_on_creation": false,
            "availability_zone": "us-east-1a",
            "availability_zone_id": "use1-az2",
            "cidr_block": "10.0.48.0/20",
            "customer_owned_ipv4_pool": "",
            "enable_dns64": false,
            "enable_lni_at_device_index": 0,
            "enable_resource_name_dns_a_record_on_launch": false,
            "enable_resource_name_dns_aaaa_record_on_launch": false,
            "id": "subnet-025bb4b9a1cbd0ebb",
            "ipv6_cidr_block": "",
            "ipv6_cidr_block_association_id": "",
            "ipv6_native": false,
            "map_customer_owned_ip_on_launch": false,
            "map_public_ip_on_launch": true,
            "outpost_arn": "",
            "owner_id": "469760441078",
            "private_dns_hostname_type_on_launch": "ip-name",
            "tags": {
              "Environment": "prod",
              "Name": "todo-bastion-host-public-subnet"
            },
            "tags_all": {
              "Environment": "prod",
              "Name": "todo-bastion-host-public-subnet"
            },
            "timeouts": null,
            "vpc_id": "vpc-0d0002688aba0a6ad"
          },
          "sensitive_attributes": [],
          "private": "eyJlMmJmYjczMC1lY2FhLTExZTYtOGY4OC0zNDM2M2JjN2M0YzAiOnsiY3JlYXRlIjo2MDAwMDAwMDAwMDAsImRlbGV0ZSI6MTIwMDAwMDAwMDAwMH0sInNjaGVtYV92ZXJzaW9uIjoiMSJ9",
          "dependencies": [
            "module.vpc.aws_vpc.this"
          ]
        }
      ]
    },
    {
      "module": "module.vpc",
      "mode": "managed",
      "type": "aws_default_network_acl",
      "name": "this",
      "provider": "provider[\"registry.terraform.io/hashicorp/aws\"]",
      "instances": [
        {
          "index_key": 0,
          "schema_version": 0,
          "attributes": {
            "arn": "arn:aws:ec2:us-east-1:469760441078:network-acl/acl-0e1a360490d580cc0",
            "default_network_acl_id": "acl-0e1a360490d580cc0",
            "egress": [
              {
                "action": "allow",
                "cidr_block": "",
                "from_port": 0,
                "icmp_code": 0,
                "icmp_type": 0,
                "ipv6_cidr_block": "::/0",
                "protocol": "-1",
                "rule_no": 101,
                "to_port": 0
              },
              {
                "action": "allow",
                "cidr_block": "0.0.0.0/0",
                "from_port": 0,
                "icmp_code": 0,
                "icmp_type": 0,
                "ipv6_cidr_block": "",
                "protocol": "-1",
                "rule_no": 100,
                "to_port": 0
              }
            ],
            "id": "acl-0e1a360490d580cc0",
            "ingress": [
              {
                "action": "allow",
                "cidr_block": "",
                "from_port": 0,
                "icmp_code": 0,
                "icmp_type": 0,
                "ipv6_cidr_block": "::/0",
                "protocol": "-1",
                "rule_no": 101,
                "to_port": 0
              },
              {
                "action": "allow",
                "cidr_block": "0.0.0.0/0",
                "from_port": 0,
                "icmp_code": 0,
                "icmp_type": 0,
                "ipv6_cidr_block": "",
                "protocol": "-1",
                "rule_no": 100,
                "to_port": 0
              }
            ],
            "owner_id": "469760441078",
            "subnet_ids": [
              "subnet-006f4a35ff864159f",
              "subnet-01b47b911bad753cc",
              "subnet-025bb4b9a1cbd0ebb",
              "subnet-05ec374f6b5d85b8e",
              "subnet-090709be5996f9a1a",
              "subnet-0b777a9f655be274b",
              "subnet-0c8249dfc2005d557"
            ],
            "tags": {
              "Environment": "prod",
              "Name": "Todo-vpc-default",
              "Terraform": "true"
            },
            "tags_all": {
              "Environment": "prod",
              "Name": "Todo-vpc-default",
              "Terraform": "true"
            },
            "vpc_id": "vpc-0d0002688aba0a6ad"
          },
          "sensitive_attributes": [],
          "private": "bnVsbA==",
          "dependencies": [
            "module.vpc.aws_vpc.this"
          ]
        }
      ]
    },
    {
      "module": "module.vpc",
      "mode": "managed",
      "type": "aws_default_route_table",
      "name": "default",
      "provider": "provider[\"registry.terraform.io/hashicorp/aws\"]",
      "instances": [
        {
          "index_key": 0,
          "schema_version": 0,
          "attributes": {
            "arn": "arn:aws:ec2:us-east-1:469760441078:route-table/rtb-006b7029daae11b3c",
            "default_route_table_id": "rtb-006b7029daae11b3c",
            "id": "rtb-006b7029daae11b3c",
            "owner_id": "469760441078",
            "propagating_vgws": [],
            "route": [],
            "tags": {
              "Environment": "prod",
              "Name": "Todo-vpc-default",
              "Terraform": "true"
            },
            "tags_all": {
              "Environment": "prod",
              "Name": "Todo-vpc-default",
              "Terraform": "true"
            },
            "timeouts": {
              "create": "5m",
              "update": "5m"
            },
            "vpc_id": "vpc-0d0002688aba0a6ad"
          },
          "sensitive_attributes": [],
          "private": "eyJlMmJmYjczMC1lY2FhLTExZTYtOGY4OC0zNDM2M2JjN2M0YzAiOnsiY3JlYXRlIjozMDAwMDAwMDAwMDAsInVwZGF0ZSI6MzAwMDAwMDAwMDAwfX0=",
          "dependencies": [
            "module.vpc.aws_vpc.this"
          ]
        }
      ]
    },
    {
      "module": "module.vpc",
      "mode": "managed",
      "type": "aws_default_security_group",
      "name": "this",
      "provider": "provider[\"registry.terraform.io/hashicorp/aws\"]",
      "instances": [
        {
          "index_key": 0,
          "schema_version": 1,
          "attributes": {
            "arn": "arn:aws:ec2:us-east-1:469760441078:security-group/sg-0987d1aecd02eaa25",
            "description": "default VPC security group",
            "egress": [],
            "id": "sg-0987d1aecd02eaa25",
            "ingress": [],
            "name": "default",
            "name_prefix": "",
            "owner_id": "469760441078",
            "revoke_rules_on_delete": false,
            "tags": {
              "Environment": "prod",
              "Name": "Todo-vpc-default",
              "Terraform": "true"
            },
            "tags_all": {
              "Environment": "prod",
              "Name": "Todo-vpc-default",
              "Terraform": "true"
            },
            "vpc_id": "vpc-0d0002688aba0a6ad"
          },
          "sensitive_attributes": [],
          "private": "eyJzY2hlbWFfdmVyc2lvbiI6IjEifQ==",
          "dependencies": [
            "module.vpc.aws_vpc.this"
          ]
        }
      ]
    },
    {
      "module": "module.vpc",
      "mode": "managed",
      "type": "aws_eip",
      "name": "nat",
      "provider": "provider[\"registry.terraform.io/hashicorp/aws\"]",
      "instances": [
        {
          "index_key": 0,
          "schema_version": 0,
          "attributes": {
            "address": null,
            "allocation_id": "eipalloc-026d2022b8cdcf797",
            "associate_with_private_ip": null,
            "association_id": "",
            "carrier_ip": "",
            "customer_owned_ip": "",
            "customer_owned_ipv4_pool": "",
            "domain": "vpc",
            "id": "eipalloc-026d2022b8cdcf797",
            "instance": "",
            "network_border_group": "us-east-1",
            "network_interface": "",
            "private_dns": "ip-10-0-6-100.ec2.internal",
            "private_ip": "",
            "public_dns": "ec2-35-170-225-242.compute-1.amazonaws.com",
            "public_ip": "35.170.225.242",
            "public_ipv4_pool": "amazon",
            "tags": {
              "Environment": "prod",
              "Name": "Todo-vpc-us-east-1a",
              "Terraform": "true"
            },
            "tags_all": {
              "Environment": "prod",
              "Name": "Todo-vpc-us-east-1a",
              "Terraform": "true"
            },
            "timeouts": null,
            "vpc": true
          },
          "sensitive_attributes": [],
          "private": "eyJlMmJmYjczMC1lY2FhLTExZTYtOGY4OC0zNDM2M2JjN2M0YzAiOnsiZGVsZXRlIjoxODAwMDAwMDAwMDAsInJlYWQiOjkwMDAwMDAwMDAwMCwidXBkYXRlIjozMDAwMDAwMDAwMDB9fQ==",
          "dependencies": [
            "module.vpc.aws_internet_gateway.this",
            "module.vpc.aws_vpc.this",
            "module.vpc.aws_vpc_ipv4_cidr_block_association.this"
          ]
        }
      ]
    },
    {
      "module": "module.vpc",
      "mode": "managed",
      "type": "aws_internet_gateway",
      "name": "this",
      "provider": "provider[\"registry.terraform.io/hashicorp/aws\"]",
      "instances": [
        {
          "index_key": 0,
          "schema_version": 0,
          "attributes": {
            "arn": "arn:aws:ec2:us-east-1:469760441078:internet-gateway/igw-0e7f22cd588a5a67c",
            "id": "igw-0e7f22cd588a5a67c",
            "owner_id": "469760441078",
            "tags": {
              "Environment": "prod",
              "Name": "Todo-vpc",
              "Terraform": "true"
            },
            "tags_all": {
              "Environment": "prod",
              "Name": "Todo-vpc",
              "Terraform": "true"
            },
            "timeouts": null,
            "vpc_id": "vpc-0d0002688aba0a6ad"
          },
          "sensitive_attributes": [],
          "private": "eyJlMmJmYjczMC1lY2FhLTExZTYtOGY4OC0zNDM2M2JjN2M0YzAiOnsiY3JlYXRlIjoxMjAwMDAwMDAwMDAwLCJkZWxldGUiOjEyMDAwMDAwMDAwMDAsInVwZGF0ZSI6MTIwMDAwMDAwMDAwMH19",
          "dependencies": [
            "module.vpc.aws_vpc.this",
            "module.vpc.aws_vpc_ipv4_cidr_block_association.this"
          ]
        }
      ]
    },
    {
      "module": "module.vpc",
      "mode": "managed",
      "type": "aws_nat_gateway",
      "name": "this",
      "provider": "provider[\"registry.terraform.io/hashicorp/aws\"]",
      "instances": [
        {
          "index_key": 0,
          "schema_version": 0,
          "attributes": {
            "allocation_id": "eipalloc-026d2022b8cdcf797",
            "association_id": "eipassoc-0d91194093d36838f",
            "connectivity_type": "public",
            "id": "nat-06396517f10b1e3b9",
            "network_interface_id": "eni-0a852a53f68a3e0e7",
            "private_ip": "10.0.5.166",
            "public_ip": "35.170.225.242",
            "subnet_id": "subnet-006f4a35ff864159f",
            "tags": {
              "Environment": "prod",
              "Name": "Todo-vpc-us-east-1a",
              "Terraform": "true"
            },
            "tags_all": {
              "Environment": "prod",
              "Name": "Todo-vpc-us-east-1a",
              "Terraform": "true"
            }
          },
          "sensitive_attributes": [],
          "private": "bnVsbA==",
          "dependencies": [
            "module.vpc.aws_eip.nat",
            "module.vpc.aws_internet_gateway.this",
            "module.vpc.aws_subnet.public"
          ]
        }
      ]
    },
    {
      "module": "module.vpc",
      "mode": "managed",
      "type": "aws_route",
      "name": "private_nat_gateway",
      "provider": "provider[\"registry.terraform.io/hashicorp/aws\"]",
      "instances": [
        {
          "index_key": 0,
          "schema_version": 0,
          "attributes": {
            "carrier_gateway_id": "",
            "core_network_arn": "",
            "destination_cidr_block": "0.0.0.0/0",
            "destination_ipv6_cidr_block": "",
            "destination_prefix_list_id": "",
            "egress_only_gateway_id": "",
            "gateway_id": "",
            "id": "r-rtb-0d98c7eb728e045651080289494",
            "instance_id": "",
            "instance_owner_id": "",
            "local_gateway_id": "",
            "nat_gateway_id": "nat-06396517f10b1e3b9",
            "network_interface_id": "",
            "origin": "CreateRoute",
            "route_table_id": "rtb-0d98c7eb728e04565",
            "state": "active",
            "timeouts": {
              "create": "5m",
              "delete": null,
              "update": null
            },
            "transit_gateway_id": "",
            "vpc_endpoint_id": "",
            "vpc_peering_connection_id": ""
          },
          "sensitive_attributes": [],
          "private": "eyJlMmJmYjczMC1lY2FhLTExZTYtOGY4OC0zNDM2M2JjN2M0YzAiOnsiY3JlYXRlIjozMDAwMDAwMDAwMDAsImRlbGV0ZSI6MzAwMDAwMDAwMDAwLCJ1cGRhdGUiOjEyMDAwMDAwMDAwMH19",
          "dependencies": [
            "module.vpc.aws_eip.nat",
            "module.vpc.aws_internet_gateway.this",
            "module.vpc.aws_nat_gateway.this",
            "module.vpc.aws_route_table.private",
            "module.vpc.aws_subnet.public"
          ]
        }
      ]
    },
    {
      "module": "module.vpc",
      "mode": "managed",
      "type": "aws_route",
      "name": "public_internet_gateway",
      "provider": "provider[\"registry.terraform.io/hashicorp/aws\"]",
      "instances": [
        {
          "index_key": 0,
          "schema_version": 0,
          "attributes": {
            "carrier_gateway_id": "",
            "core_network_arn": "",
            "destination_cidr_block": "0.0.0.0/0",
            "destination_ipv6_cidr_block": "",
            "destination_prefix_list_id": "",
            "egress_only_gateway_id": "",
            "gateway_id": "igw-0e7f22cd588a5a67c",
            "id": "r-rtb-0b8fe686f7640a4ab1080289494",
            "instance_id": "",
            "instance_owner_id": "",
            "local_gateway_id": "",
            "nat_gateway_id": "",
            "network_interface_id": "",
            "origin": "CreateRoute",
            "route_table_id": "rtb-0b8fe686f7640a4ab",
            "state": "active",
            "timeouts": {
              "create": "5m",
              "delete": null,
              "update": null
            },
            "transit_gateway_id": "",
            "vpc_endpoint_id": "",
            "vpc_peering_connection_id": ""
          },
          "sensitive_attributes": [],
          "private": "eyJlMmJmYjczMC1lY2FhLTExZTYtOGY4OC0zNDM2M2JjN2M0YzAiOnsiY3JlYXRlIjozMDAwMDAwMDAwMDAsImRlbGV0ZSI6MzAwMDAwMDAwMDAwLCJ1cGRhdGUiOjEyMDAwMDAwMDAwMH19",
          "dependencies": [
            "module.vpc.aws_internet_gateway.this",
            "module.vpc.aws_route_table.public",
            "module.vpc.aws_vpc.this",
            "module.vpc.aws_vpc_ipv4_cidr_block_association.this"
          ]
        }
      ]
    },
    {
      "module": "module.vpc",
      "mode": "managed",
      "type": "aws_route_table",
      "name": "private",
      "provider": "provider[\"registry.terraform.io/hashicorp/aws\"]",
      "instances": [
        {
          "index_key": 0,
          "schema_version": 0,
          "attributes": {
            "arn": "arn:aws:ec2:us-east-1:469760441078:route-table/rtb-0d98c7eb728e04565",
            "id": "rtb-0d98c7eb728e04565",
            "owner_id": "469760441078",
            "propagating_vgws": [],
            "route": [],
            "tags": {
              "Environment": "prod",
              "Name": "Todo-vpc-private",
              "Terraform": "true"
            },
            "tags_all": {
              "Environment": "prod",
              "Name": "Todo-vpc-private",
              "Terraform": "true"
            },
            "timeouts": null,
            "vpc_id": "vpc-0d0002688aba0a6ad"
          },
          "sensitive_attributes": [],
          "private": "eyJlMmJmYjczMC1lY2FhLTExZTYtOGY4OC0zNDM2M2JjN2M0YzAiOnsiY3JlYXRlIjozMDAwMDAwMDAwMDAsImRlbGV0ZSI6MzAwMDAwMDAwMDAwLCJ1cGRhdGUiOjEyMDAwMDAwMDAwMH19",
          "dependencies": [
            "module.vpc.aws_vpc.this",
            "module.vpc.aws_vpc_ipv4_cidr_block_association.this"
          ]
        }
      ]
    },
    {
      "module": "module.vpc",
      "mode": "managed",
      "type": "aws_route_table",
      "name": "public",
      "provider": "provider[\"registry.terraform.io/hashicorp/aws\"]",
      "instances": [
        {
          "index_key": 0,
          "schema_version": 0,
          "attributes": {
            "arn": "arn:aws:ec2:us-east-1:469760441078:route-table/rtb-0b8fe686f7640a4ab",
            "id": "rtb-0b8fe686f7640a4ab",
            "owner_id": "469760441078",
            "propagating_vgws": [],
            "route": [
              {
                "carrier_gateway_id": "",
                "cidr_block": "0.0.0.0/0",
                "core_network_arn": "",
                "destination_prefix_list_id": "",
                "egress_only_gateway_id": "",
                "gateway_id": "igw-0e7f22cd588a5a67c",
                "ipv6_cidr_block": "",
                "local_gateway_id": "",
                "nat_gateway_id": "",
                "network_interface_id": "",
                "transit_gateway_id": "",
                "vpc_endpoint_id": "",
                "vpc_peering_connection_id": ""
              }
            ],
            "tags": {
              "Environment": "prod",
              "Name": "Todo-vpc-public",
              "Terraform": "true"
            },
            "tags_all": {
              "Environment": "prod",
              "Name": "Todo-vpc-public",
              "Terraform": "true"
            },
            "timeouts": null,
            "vpc_id": "vpc-0d0002688aba0a6ad"
          },
          "sensitive_attributes": [],
          "private": "eyJlMmJmYjczMC1lY2FhLTExZTYtOGY4OC0zNDM2M2JjN2M0YzAiOnsiY3JlYXRlIjozMDAwMDAwMDAwMDAsImRlbGV0ZSI6MzAwMDAwMDAwMDAwLCJ1cGRhdGUiOjEyMDAwMDAwMDAwMH19",
          "dependencies": [
            "module.vpc.aws_vpc.this",
            "module.vpc.aws_vpc_ipv4_cidr_block_association.this"
          ]
        }
      ]
    },
    {
      "module": "module.vpc",
      "mode": "managed",
      "type": "aws_route_table_association",
      "name": "private",
      "provider": "provider[\"registry.terraform.io/hashicorp/aws\"]",
      "instances": [
        {
          "index_key": 0,
          "schema_version": 0,
          "attributes": {
            "gateway_id": "",
            "id": "rtbassoc-0ee70bc18a86a1775",
            "route_table_id": "rtb-0d98c7eb728e04565",
            "subnet_id": "subnet-0c8249dfc2005d557",
            "timeouts": null
          },
          "sensitive_attributes": [],
          "private": "eyJlMmJmYjczMC1lY2FhLTExZTYtOGY4OC0zNDM2M2JjN2M0YzAiOnsiY3JlYXRlIjozMDAwMDAwMDAwMDAsImRlbGV0ZSI6MzAwMDAwMDAwMDAwLCJ1cGRhdGUiOjEyMDAwMDAwMDAwMH19",
          "dependencies": [
            "module.vpc.aws_route_table.private",
            "module.vpc.aws_subnet.private",
            "module.vpc.aws_vpc.this",
            "module.vpc.aws_vpc_ipv4_cidr_block_association.this"
          ]
        },
        {
          "index_key": 1,
          "schema_version": 0,
          "attributes": {
            "gateway_id": "",
            "id": "rtbassoc-061e9b6cb8d689773",
            "route_table_id": "rtb-0d98c7eb728e04565",
            "subnet_id": "subnet-0b777a9f655be274b",
            "timeouts": null
          },
          "sensitive_attributes": [],
          "private": "eyJlMmJmYjczMC1lY2FhLTExZTYtOGY4OC0zNDM2M2JjN2M0YzAiOnsiY3JlYXRlIjozMDAwMDAwMDAwMDAsImRlbGV0ZSI6MzAwMDAwMDAwMDAwLCJ1cGRhdGUiOjEyMDAwMDAwMDAwMH19",
          "dependencies": [
            "module.vpc.aws_route_table.private",
            "module.vpc.aws_subnet.private",
            "module.vpc.aws_vpc.this",
            "module.vpc.aws_vpc_ipv4_cidr_block_association.this"
          ]
        },
        {
          "index_key": 2,
          "schema_version": 0,
          "attributes": {
            "gateway_id": "",
            "id": "rtbassoc-056e17b359caee89f",
            "route_table_id": "rtb-0d98c7eb728e04565",
            "subnet_id": "subnet-05ec374f6b5d85b8e",
            "timeouts": null
          },
          "sensitive_attributes": [],
          "private": "eyJlMmJmYjczMC1lY2FhLTExZTYtOGY4OC0zNDM2M2JjN2M0YzAiOnsiY3JlYXRlIjozMDAwMDAwMDAwMDAsImRlbGV0ZSI6MzAwMDAwMDAwMDAwLCJ1cGRhdGUiOjEyMDAwMDAwMDAwMH19",
          "dependencies": [
            "module.vpc.aws_route_table.private",
            "module.vpc.aws_subnet.private",
            "module.vpc.aws_vpc.this",
            "module.vpc.aws_vpc_ipv4_cidr_block_association.this"
          ]
        }
      ]
    },
    {
      "module": "module.vpc",
      "mode": "managed",
      "type": "aws_route_table_association",
      "name": "public",
      "provider": "provider[\"registry.terraform.io/hashicorp/aws\"]",
      "instances": [
        {
          "index_key": 0,
          "schema_version": 0,
          "attributes": {
            "gateway_id": "",
            "id": "rtbassoc-02f78200d3d47b3a2",
            "route_table_id": "rtb-0b8fe686f7640a4ab",
            "subnet_id": "subnet-006f4a35ff864159f",
            "timeouts": null
          },
          "sensitive_attributes": [],
          "private": "eyJlMmJmYjczMC1lY2FhLTExZTYtOGY4OC0zNDM2M2JjN2M0YzAiOnsiY3JlYXRlIjozMDAwMDAwMDAwMDAsImRlbGV0ZSI6MzAwMDAwMDAwMDAwLCJ1cGRhdGUiOjEyMDAwMDAwMDAwMH19",
          "dependencies": [
            "module.vpc.aws_route_table.public",
            "module.vpc.aws_subnet.public",
            "module.vpc.aws_vpc.this",
            "module.vpc.aws_vpc_ipv4_cidr_block_association.this"
          ]
        },
        {
          "index_key": 1,
          "schema_version": 0,
          "attributes": {
            "gateway_id": "",
            "id": "rtbassoc-0719935475262877a",
            "route_table_id": "rtb-0b8fe686f7640a4ab",
            "subnet_id": "subnet-01b47b911bad753cc",
            "timeouts": null
          },
          "sensitive_attributes": [],
          "private": "eyJlMmJmYjczMC1lY2FhLTExZTYtOGY4OC0zNDM2M2JjN2M0YzAiOnsiY3JlYXRlIjozMDAwMDAwMDAwMDAsImRlbGV0ZSI6MzAwMDAwMDAwMDAwLCJ1cGRhdGUiOjEyMDAwMDAwMDAwMH19",
          "dependencies": [
            "module.vpc.aws_route_table.public",
            "module.vpc.aws_subnet.public",
            "module.vpc.aws_vpc.this",
            "module.vpc.aws_vpc_ipv4_cidr_block_association.this"
          ]
        },
        {
          "index_key": 2,
          "schema_version": 0,
          "attributes": {
            "gateway_id": "",
            "id": "rtbassoc-00396bc5af6d7d039",
            "route_table_id": "rtb-0b8fe686f7640a4ab",
            "subnet_id": "subnet-090709be5996f9a1a",
            "timeouts": null
          },
          "sensitive_attributes": [],
          "private": "eyJlMmJmYjczMC1lY2FhLTExZTYtOGY4OC0zNDM2M2JjN2M0YzAiOnsiY3JlYXRlIjozMDAwMDAwMDAwMDAsImRlbGV0ZSI6MzAwMDAwMDAwMDAwLCJ1cGRhdGUiOjEyMDAwMDAwMDAwMH19",
          "dependencies": [
            "module.vpc.aws_route_table.public",
            "module.vpc.aws_subnet.public",
            "module.vpc.aws_vpc.this",
            "module.vpc.aws_vpc_ipv4_cidr_block_association.this"
          ]
        }
      ]
    },
    {
      "module": "module.vpc",
      "mode": "managed",
      "type": "aws_subnet",
      "name": "private",
      "provider": "provider[\"registry.terraform.io/hashicorp/aws\"]",
      "instances": [
        {
          "index_key": 0,
          "schema_version": 1,
          "attributes": {
            "arn": "arn:aws:ec2:us-east-1:469760441078:subnet/subnet-0c8249dfc2005d557",
            "assign_ipv6_address_on_creation": false,
            "availability_zone": "us-east-1a",
            "availability_zone_id": "use1-az2",
            "cidr_block": "10.0.128.0/20",
            "customer_owned_ipv4_pool": "",
            "enable_dns64": false,
            "enable_lni_at_device_index": 0,
            "enable_resource_name_dns_a_record_on_launch": false,
            "enable_resource_name_dns_aaaa_record_on_launch": false,
            "id": "subnet-0c8249dfc2005d557",
            "ipv6_cidr_block": "",
            "ipv6_cidr_block_association_id": "",
            "ipv6_native": false,
            "map_customer_owned_ip_on_launch": false,
            "map_public_ip_on_launch": false,
            "outpost_arn": "",
            "owner_id": "469760441078",
            "private_dns_hostname_type_on_launch": "ip-name",
            "tags": {
              "Environment": "prod",
              "Name": "Todo-vpc-private-us-east-1a",
              "Terraform": "true"
            },
            "tags_all": {
              "Environment": "prod",
              "Name": "Todo-vpc-private-us-east-1a",
              "Terraform": "true"
            },
            "timeouts": null,
            "vpc_id": "vpc-0d0002688aba0a6ad"
          },
          "sensitive_attributes": [],
          "private": "eyJlMmJmYjczMC1lY2FhLTExZTYtOGY4OC0zNDM2M2JjN2M0YzAiOnsiY3JlYXRlIjo2MDAwMDAwMDAwMDAsImRlbGV0ZSI6MTIwMDAwMDAwMDAwMH0sInNjaGVtYV92ZXJzaW9uIjoiMSJ9",
          "dependencies": [
            "module.vpc.aws_vpc.this",
            "module.vpc.aws_vpc_ipv4_cidr_block_association.this"
          ]
        },
        {
          "index_key": 1,
          "schema_version": 1,
          "attributes": {
            "arn": "arn:aws:ec2:us-east-1:469760441078:subnet/subnet-0b777a9f655be274b",
            "assign_ipv6_address_on_creation": false,
            "availability_zone": "us-east-1b",
            "availability_zone_id": "use1-az4",
            "cidr_block": "10.0.144.0/20",
            "customer_owned_ipv4_pool": "",
            "enable_dns64": false,
            "enable_lni_at_device_index": 0,
            "enable_resource_name_dns_a_record_on_launch": false,
            "enable_resource_name_dns_aaaa_record_on_launch": false,
            "id": "subnet-0b777a9f655be274b",
            "ipv6_cidr_block": "",
            "ipv6_cidr_block_association_id": "",
            "ipv6_native": false,
            "map_customer_owned_ip_on_launch": false,
            "map_public_ip_on_launch": false,
            "outpost_arn": "",
            "owner_id": "469760441078",
            "private_dns_hostname_type_on_launch": "ip-name",
            "tags": {
              "Environment": "prod",
              "Name": "Todo-vpc-private-us-east-1b",
              "Terraform": "true"
            },
            "tags_all": {
              "Environment": "prod",
              "Name": "Todo-vpc-private-us-east-1b",
              "Terraform": "true"
            },
            "timeouts": null,
            "vpc_id": "vpc-0d0002688aba0a6ad"
          },
          "sensitive_attributes": [],
          "private": "eyJlMmJmYjczMC1lY2FhLTExZTYtOGY4OC0zNDM2M2JjN2M0YzAiOnsiY3JlYXRlIjo2MDAwMDAwMDAwMDAsImRlbGV0ZSI6MTIwMDAwMDAwMDAwMH0sInNjaGVtYV92ZXJzaW9uIjoiMSJ9",
          "dependencies": [
            "module.vpc.aws_vpc.this",
            "module.vpc.aws_vpc_ipv4_cidr_block_association.this"
          ]
        },
        {
          "index_key": 2,
          "schema_version": 1,
          "attributes": {
            "arn": "arn:aws:ec2:us-east-1:469760441078:subnet/subnet-05ec374f6b5d85b8e",
            "assign_ipv6_address_on_creation": false,
            "availability_zone": "us-east-1c",
            "availability_zone_id": "use1-az6",
            "cidr_block": "10.0.160.0/20",
            "customer_owned_ipv4_pool": "",
            "enable_dns64": false,
            "enable_lni_at_device_index": 0,
            "enable_resource_name_dns_a_record_on_launch": false,
            "enable_resource_name_dns_aaaa_record_on_launch": false,
            "id": "subnet-05ec374f6b5d85b8e",
            "ipv6_cidr_block": "",
            "ipv6_cidr_block_association_id": "",
            "ipv6_native": false,
            "map_customer_owned_ip_on_launch": false,
            "map_public_ip_on_launch": false,
            "outpost_arn": "",
            "owner_id": "469760441078",
            "private_dns_hostname_type_on_launch": "ip-name",
            "tags": {
              "Environment": "prod",
              "Name": "Todo-vpc-private-us-east-1c",
              "Terraform": "true"
            },
            "tags_all": {
              "Environment": "prod",
              "Name": "Todo-vpc-private-us-east-1c",
              "Terraform": "true"
            },
            "timeouts": null,
            "vpc_id": "vpc-0d0002688aba0a6ad"
          },
          "sensitive_attributes": [],
          "private": "eyJlMmJmYjczMC1lY2FhLTExZTYtOGY4OC0zNDM2M2JjN2M0YzAiOnsiY3JlYXRlIjo2MDAwMDAwMDAwMDAsImRlbGV0ZSI6MTIwMDAwMDAwMDAwMH0sInNjaGVtYV92ZXJzaW9uIjoiMSJ9",
          "dependencies": [
            "module.vpc.aws_vpc.this",
            "module.vpc.aws_vpc_ipv4_cidr_block_association.this"
          ]
        }
      ]
    },
    {
      "module": "module.vpc",
      "mode": "managed",
      "type": "aws_subnet",
      "name": "public",
      "provider": "provider[\"registry.terraform.io/hashicorp/aws\"]",
      "instances": [
        {
          "index_key": 0,
          "schema_version": 1,
          "attributes": {
            "arn": "arn:aws:ec2:us-east-1:469760441078:subnet/subnet-006f4a35ff864159f",
            "assign_ipv6_address_on_creation": false,
            "availability_zone": "us-east-1a",
            "availability_zone_id": "use1-az2",
            "cidr_block": "10.0.0.0/20",
            "customer_owned_ipv4_pool": "",
            "enable_dns64": false,
            "enable_lni_at_device_index": 0,
            "enable_resource_name_dns_a_record_on_launch": false,
            "enable_resource_name_dns_aaaa_record_on_launch": false,
            "id": "subnet-006f4a35ff864159f",
            "ipv6_cidr_block": "",
            "ipv6_cidr_block_association_id": "",
            "ipv6_native": false,
            "map_customer_owned_ip_on_launch": false,
            "map_public_ip_on_launch": false,
            "outpost_arn": "",
            "owner_id": "469760441078",
            "private_dns_hostname_type_on_launch": "ip-name",
            "tags": {
              "Environment": "prod",
              "Name": "Todo-vpc-public-us-east-1a",
              "Terraform": "true"
            },
            "tags_all": {
              "Environment": "prod",
              "Name": "Todo-vpc-public-us-east-1a",
              "Terraform": "true"
            },
            "timeouts": null,
            "vpc_id": "vpc-0d0002688aba0a6ad"
          },
          "sensitive_attributes": [],
          "private": "eyJlMmJmYjczMC1lY2FhLTExZTYtOGY4OC0zNDM2M2JjN2M0YzAiOnsiY3JlYXRlIjo2MDAwMDAwMDAwMDAsImRlbGV0ZSI6MTIwMDAwMDAwMDAwMH0sInNjaGVtYV92ZXJzaW9uIjoiMSJ9",
          "dependencies": [
            "module.vpc.aws_vpc.this",
            "module.vpc.aws_vpc_ipv4_cidr_block_association.this"
          ]
        },
        {
          "index_key": 1,
          "schema_version": 1,
          "attributes": {
            "arn": "arn:aws:ec2:us-east-1:469760441078:subnet/subnet-01b47b911bad753cc",
            "assign_ipv6_address_on_creation": false,
            "availability_zone": "us-east-1b",
            "availability_zone_id": "use1-az4",
            "cidr_block": "10.0.16.0/20",
            "customer_owned_ipv4_pool": "",
            "enable_dns64": false,
            "enable_lni_at_device_index": 0,
            "enable_resource_name_dns_a_record_on_launch": false,
            "enable_resource_name_dns_aaaa_record_on_launch": false,
            "id": "subnet-01b47b911bad753cc",
            "ipv6_cidr_block": "",
            "ipv6_cidr_block_association_id": "",
            "ipv6_native": false,
            "map_customer_owned_ip_on_launch": false,
            "map_public_ip_on_launch": false,
            "outpost_arn": "",
            "owner_id": "469760441078",
            "private_dns_hostname_type_on_launch": "ip-name",
            "tags": {
              "Environment": "prod",
              "Name": "Todo-vpc-public-us-east-1b",
              "Terraform": "true"
            },
            "tags_all": {
              "Environment": "prod",
              "Name": "Todo-vpc-public-us-east-1b",
              "Terraform": "true"
            },
            "timeouts": null,
            "vpc_id": "vpc-0d0002688aba0a6ad"
          },
          "sensitive_attributes": [],
          "private": "eyJlMmJmYjczMC1lY2FhLTExZTYtOGY4OC0zNDM2M2JjN2M0YzAiOnsiY3JlYXRlIjo2MDAwMDAwMDAwMDAsImRlbGV0ZSI6MTIwMDAwMDAwMDAwMH0sInNjaGVtYV92ZXJzaW9uIjoiMSJ9",
          "dependencies": [
            "module.vpc.aws_vpc.this",
            "module.vpc.aws_vpc_ipv4_cidr_block_association.this"
          ]
        },
        {
          "index_key": 2,
          "schema_version": 1,
          "attributes": {
            "arn": "arn:aws:ec2:us-east-1:469760441078:subnet/subnet-090709be5996f9a1a",
            "assign_ipv6_address_on_creation": false,
            "availability_zone": "us-east-1c",
            "availability_zone_id": "use1-az6",
            "cidr_block": "10.0.32.0/20",
            "customer_owned_ipv4_pool": "",
            "enable_dns64": false,
            "enable_lni_at_device_index": 0,
            "enable_resource_name_dns_a_record_on_launch": false,
            "enable_resource_name_dns_aaaa_record_on_launch": false,
            "id": "subnet-090709be5996f9a1a",
            "ipv6_cidr_block": "",
            "ipv6_cidr_block_association_id": "",
            "ipv6_native": false,
            "map_customer_owned_ip_on_launch": false,
            "map_public_ip_on_launch": false,
            "outpost_arn": "",
            "owner_id": "469760441078",
            "private_dns_hostname_type_on_launch": "ip-name",
            "tags": {
              "Environment": "prod",
              "Name": "Todo-vpc-public-us-east-1c",
              "Terraform": "true"
            },
            "tags_all": {
              "Environment": "prod",
              "Name": "Todo-vpc-public-us-east-1c",
              "Terraform": "true"
            },
            "timeouts": null,
            "vpc_id": "vpc-0d0002688aba0a6ad"
          },
          "sensitive_attributes": [],
          "private": "eyJlMmJmYjczMC1lY2FhLTExZTYtOGY4OC0zNDM2M2JjN2M0YzAiOnsiY3JlYXRlIjo2MDAwMDAwMDAwMDAsImRlbGV0ZSI6MTIwMDAwMDAwMDAwMH0sInNjaGVtYV92ZXJzaW9uIjoiMSJ9",
          "dependencies": [
            "module.vpc.aws_vpc.this",
            "module.vpc.aws_vpc_ipv4_cidr_block_association.this"
          ]
        }
      ]
    },
    {
      "module": "module.vpc",
      "mode": "managed",
      "type": "aws_vpc",
      "name": "this",
      "provider": "provider[\"registry.terraform.io/hashicorp/aws\"]",
      "instances": [
        {
          "index_key": 0,
          "schema_version": 1,
          "attributes": {
            "arn": "arn:aws:ec2:us-east-1:469760441078:vpc/vpc-0d0002688aba0a6ad",
            "assign_generated_ipv6_cidr_block": false,
            "cidr_block": "10.0.0.0/16",
            "default_network_acl_id": "acl-0e1a360490d580cc0",
            "default_route_table_id": "rtb-006b7029daae11b3c",
            "default_security_group_id": "sg-0987d1aecd02eaa25",
            "dhcp_options_id": "dopt-050899c7cb746b5f4",
            "enable_dns_hostnames": true,
            "enable_dns_support": true,
            "enable_network_address_usage_metrics": false,
            "id": "vpc-0d0002688aba0a6ad",
            "instance_tenancy": "default",
            "ipv4_ipam_pool_id": null,
            "ipv4_netmask_length": null,
            "ipv6_association_id": "",
            "ipv6_cidr_block": "",
            "ipv6_cidr_block_network_border_group": "",
            "ipv6_ipam_pool_id": "",
            "ipv6_netmask_length": 0,
            "main_route_table_id": "rtb-006b7029daae11b3c",
            "owner_id": "469760441078",
            "tags": {
              "Environment": "prod",
              "Name": "Todo-vpc",
              "Terraform": "true"
            },
            "tags_all": {
              "Environment": "prod",
              "Name": "Todo-vpc",
              "Terraform": "true"
            }
          },
          "sensitive_attributes": [],
          "private": "eyJzY2hlbWFfdmVyc2lvbiI6IjEifQ==",
          "create_before_destroy": true
        }
      ]
    }
  ],
  "check_results": null
}
